
Microsoft Visual Studio Solution File, Format Version 12.00
# Visual Studio Version 16
VisualStudioVersion = 16.0.29020.237
MinimumVisualStudioVersion = 10.0.40219.1
Project("{2150E333-8FDC-42A3-9474-1A3956D46DE8}") = "solution-items", "solution-items", "{731730B9-645C-430A-AB05-3FC2BED63614}"
	ProjectSection(SolutionItems) = preProject
		.gitattributes = .gitattributes
		.gitignore = .gitignore
		.prettierrc = .prettierrc
		common.props = common.props
		Dockerfile = Dockerfile
		LICENSE = LICENSE
		NuGet.Config = NuGet.Config
		README.md = README.md
	EndProjectSection
EndProject
Project("{9A19103F-16F7-4668-BE54-9A1E7A4F7556}") = "LandWind.Blog.Application", "src\LandWind.Blog.Application\LandWind.Blog.Application.csproj", "{1A94A50E-06DC-43C1-80B5-B662820EC3EB}"
EndProject
Project("{9A19103F-16F7-4668-BE54-9A1E7A4F7556}") = "LandWind.Blog.EntityFrameworkCore", "src\LandWind.Blog.EntityFrameworkCore\LandWind.Blog.EntityFrameworkCore.csproj", "{C956DD76-69C8-4A9C-83EA-D17DF83340FD}"
EndProject
Project("{2150E333-8FDC-42A3-9474-1A3956D46DE8}") = "src", "src", "{CA9AC87F-097E-4F15-8393-4BC07735A5B0}"
EndProject
Project("{2150E333-8FDC-42A3-9474-1A3956D46DE8}") = "test", "test", "{04DBDB01-70F4-4E06-B468-8F87850B22BE}"
EndProject
Project("{9A19103F-16F7-4668-BE54-9A1E7A4F7556}") = "LandWind.Blog.Application.Tests", "test\LandWind.Blog.Application.Tests\LandWind.Blog.Application.Tests.csproj", "{50B2631D-129C-47B3-A587-029CCD6099BC}"
EndProject
Project("{9A19103F-16F7-4668-BE54-9A1E7A4F7556}") = "LandWind.Blog.TestBase", "test\LandWind.Blog.TestBase\LandWind.Blog.TestBase.csproj", "{91853F21-9CD9-4132-BC29-A7D5D84FFFE7}"
EndProject
Project("{9A19103F-16F7-4668-BE54-9A1E7A4F7556}") = "LandWind.Blog.Core", "src\LandWind.Blog.Core\LandWind.Blog.Core.csproj", "{41C4EF78-5C29-4A5A-B84E-CC601BCED0B2}"
EndProject
Project("{9A19103F-16F7-4668-BE54-9A1E7A4F7556}") = "LandWind.Blog.Api", "src\LandWind.Blog.Api\LandWind.Blog.Api.csproj", "{BDEA5059-0C43-4B92-ACC3-CE390E00FC16}"
EndProject
Project("{FAE04EC0-301F-11D3-BF4B-00C04F79EFBC}") = "LandWind.Blog.BackgroundWorkers", "src\LandWind.Blog.BackgroundWorkers\LandWind.Blog.BackgroundWorkers.csproj", "{1F58F115-8CD5-48CF-86A0-E30392741CC8}"
EndProject
Project("{FAE04EC0-301F-11D3-BF4B-00C04F79EFBC}") = "LandWind.Blog.DbMigrator", "src\LandWind.Blog.DbMigrator\LandWind.Blog.DbMigrator.csproj", "{8704EDDE-26CB-4303-ABFE-FAB61D5A2BC2}"
EndProject
Global
	GlobalSection(SolutionConfigurationPlatforms) = preSolution
		Debug|Any CPU = Debug|Any CPU
		Release|Any CPU = Release|Any CPU
	EndGlobalSection
	GlobalSection(ProjectConfigurationPlatforms) = postSolution
		{1A94A50E-06DC-43C1-80B5-B662820EC3EB}.Debug|Any CPU.ActiveCfg = Debug|Any CPU
		{1A94A50E-06DC-43C1-80B5-B662820EC3EB}.Debug|Any CPU.Build.0 = Debug|Any CPU
		{1A94A50E-06DC-43C1-80B5-B662820EC3EB}.Release|Any CPU.ActiveCfg = Release|Any CPU
		{1A94A50E-06DC-43C1-80B5-B662820EC3EB}.Release|Any CPU.Build.0 = Release|Any CPU
		{C956DD76-69C8-4A9C-83EA-D17DF83340FD}.Debug|Any CPU.ActiveCfg = Debug|Any CPU
		{C956DD76-69C8-4A9C-83EA-D17DF83340FD}.Debug|Any CPU.Build.0 = Debug|Any CPU
		{C956DD76-69C8-4A9C-83EA-D17DF83340FD}.Release|Any CPU.ActiveCfg = Release|Any CPU
		{C956DD76-69C8-4A9C-83EA-D17DF83340FD}.Release|Any CPU.Build.0 = Release|Any CPU
		{50B2631D-129C-47B3-A587-029CCD6099BC}.Debug|Any CPU.ActiveCfg = Debug|Any CPU
		{50B2631D-129C-47B3-A587-029CCD6099BC}.Debug|Any CPU.Build.0 = Debug|Any CPU
		{50B2631D-129C-47B3-A587-029CCD6099BC}.Release|Any CPU.ActiveCfg = Release|Any CPU
		{50B2631D-129C-47B3-A587-029CCD6099BC}.Release|Any CPU.Build.0 = Release|Any CPU
		{91853F21-9CD9-4132-BC29-A7D5D84FFFE7}.Debug|Any CPU.ActiveCfg = Debug|Any CPU
		{91853F21-9CD9-4132-BC29-A7D5D84FFFE7}.Debug|Any CPU.Build.0 = Debug|Any CPU
		{91853F21-9CD9-4132-BC29-A7D5D84FFFE7}.Release|Any CPU.ActiveCfg = Release|Any CPU
		{91853F21-9CD9-4132-BC29-A7D5D84FFFE7}.Release|Any CPU.Build.0 = Release|Any CPU
		{41C4EF78-5C29-4A5A-B84E-CC601BCED0B2}.Debug|Any CPU.ActiveCfg = Debug|Any CPU
		{41C4EF78-5C29-4A5A-B84E-CC601BCED0B2}.Debug|Any CPU.Build.0 = Debug|Any CPU
		{41C4EF78-5C29-4A5A-B84E-CC601BCED0B2}.Release|Any CPU.ActiveCfg = Release|Any CPU
		{41C4EF78-5C29-4A5A-B84E-CC601BCED0B2}.Release|Any CPU.Build.0 = Release|Any CPU
		{BDEA5059-0C43-4B92-ACC3-CE390E00FC16}.Debug|Any CPU.ActiveCfg = Debug|Any CPU
		{BDEA5059-0C43-4B92-ACC3-CE390E00FC16}.Debug|Any CPU.Build.0 = Debug|Any CPU
		{BDEA5059-0C43-4B92-ACC3-CE390E00FC16}.Release|Any CPU.ActiveCfg = Release|Any CPU
		{BDEA5059-0C43-4B92-ACC3-CE390E00FC16}.Release|Any CPU.Build.0 = Release|Any CPU
		{1F58F115-8CD5-48CF-86A0-E30392741CC8}.Debug|Any CPU.ActiveCfg = Debug|Any CPU
		{1F58F115-8CD5-48CF-86A0-E30392741CC8}.Debug|Any CPU.Build.0 = Debug|Any CPU
		{1F58F115-8CD5-48CF-86A0-E30392741CC8}.Release|Any CPU.ActiveCfg = Release|Any CPU
		{1F58F115-8CD5-48CF-86A0-E30392741CC8}.Release|Any CPU.Build.0 = Release|Any CPU
		{8704EDDE-26CB-4303-ABFE-FAB61D5A2BC2}.Debug|Any CPU.ActiveCfg = Debug|Any CPU
		{8704EDDE-26CB-4303-ABFE-FAB61D5A2BC2}.Debug|Any CPU.Build.0 = Debug|Any CPU
		{8704EDDE-26CB-4303-ABFE-FAB61D5A2BC2}.Release|Any CPU.ActiveCfg = Release|Any CPU
		{8704EDDE-26CB-4303-ABFE-FAB61D5A2BC2}.Release|Any CPU.Build.0 = Release|Any CPU
	EndGlobalSection
	GlobalSection(SolutionProperties) = preSolution
		HideSolutionNode = FALSE
	EndGlobalSection
	GlobalSection(NestedProjects) = preSolution
		{1A94A50E-06DC-43C1-80B5-B662820EC3EB} = {CA9AC87F-097E-4F15-8393-4BC07735A5B0}
		{C956DD76-69C8-4A9C-83EA-D17DF83340FD} = {CA9AC87F-097E-4F15-8393-4BC07735A5B0}
		{50B2631D-129C-47B3-A587-029CCD6099BC} = {04DBDB01-70F4-4E06-B468-8F87850B22BE}
		{91853F21-9CD9-4132-BC29-A7D5D84FFFE7} = {04DBDB01-70F4-4E06-B468-8F87850B22BE}
		{41C4EF78-5C29-4A5A-B84E-CC601BCED0B2} = {CA9AC87F-097E-4F15-8393-4BC07735A5B0}
		{BDEA5059-0C43-4B92-ACC3-CE390E00FC16} = {CA9AC87F-097E-4F15-8393-4BC07735A5B0}
		{1F58F115-8CD5-48CF-86A0-E30392741CC8} = {CA9AC87F-097E-4F15-8393-4BC07735A5B0}
		{8704EDDE-26CB-4303-ABFE-FAB61D5A2BC2} = {CA9AC87F-097E-4F15-8393-4BC07735A5B0}
	EndGlobalSection
	GlobalSection(ExtensibilityGlobals) = postSolution
		SolutionGuid = {28315BFD-90E7-4E14-A2EA-F3D23AF4126F}
	EndGlobalSection
EndGlobal
